// !$*UTF8*$!
{
	archiveVersion = 1;
	classes = {
	};
	objectVersion = 55;
	objects = {

/* Begin PBXBuildFile section */
		3813CA612994C536000E5AB1 /* SwiftyExperimentsApp.swift in Sources */ = {isa = PBXBuildFile; fileRef = 3813CA602994C536000E5AB1 /* SwiftyExperimentsApp.swift */; };
		3813CA632994C536000E5AB1 /* MainView.swift in Sources */ = {isa = PBXBuildFile; fileRef = 3813CA622994C536000E5AB1 /* MainView.swift */; };
		3813CA652994C53B000E5AB1 /* Assets.xcassets in Resources */ = {isa = PBXBuildFile; fileRef = 3813CA642994C53B000E5AB1 /* Assets.xcassets */; };
		3813CA682994C53B000E5AB1 /* Preview Assets.xcassets in Resources */ = {isa = PBXBuildFile; fileRef = 3813CA672994C53B000E5AB1 /* Preview Assets.xcassets */; };
		3813CA7D2994DCF9000E5AB1 /* Teammate.swift in Sources */ = {isa = PBXBuildFile; fileRef = 3813CA7C2994DCF9000E5AB1 /* Teammate.swift */; };
		3813CA7F2994DD2C000E5AB1 /* TeammatesData.swift in Sources */ = {isa = PBXBuildFile; fileRef = 3813CA7E2994DD2C000E5AB1 /* TeammatesData.swift */; };
		3813CA812994DF14000E5AB1 /* TeammateRowView.swift in Sources */ = {isa = PBXBuildFile; fileRef = 3813CA802994DF14000E5AB1 /* TeammateRowView.swift */; };
		3813CA832994E32E000E5AB1 /* TeammateDetailView.swift in Sources */ = {isa = PBXBuildFile; fileRef = 3813CA822994E32E000E5AB1 /* TeammateDetailView.swift */; };
		3876DFB7299B654100CB4FBB /* AccouncementCardDetailView.swift in Sources */ = {isa = PBXBuildFile; fileRef = 3876DFB6299B654100CB4FBB /* AccouncementCardDetailView.swift */; };
		3876DFB9299B6BC900CB4FBB /* Announcement.swift in Sources */ = {isa = PBXBuildFile; fileRef = 3876DFB8299B6BC900CB4FBB /* Announcement.swift */; };
		3876DFBB299B6CD200CB4FBB /* AnnouncementData.swift in Sources */ = {isa = PBXBuildFile; fileRef = 3876DFBA299B6CD200CB4FBB /* AnnouncementData.swift */; };
		38CDB5F0299E14360082A934 /* OpenSans-Semibold.ttf in Resources */ = {isa = PBXBuildFile; fileRef = 38CDB5E6299E14350082A934 /* OpenSans-Semibold.ttf */; };
		38CDB5F1299E14360082A934 /* OpenSans-Italic.ttf in Resources */ = {isa = PBXBuildFile; fileRef = 38CDB5E7299E14350082A934 /* OpenSans-Italic.ttf */; };
		38CDB5F2299E14360082A934 /* OpenSans-Light.ttf in Resources */ = {isa = PBXBuildFile; fileRef = 38CDB5E8299E14350082A934 /* OpenSans-Light.ttf */; };
		38CDB5F3299E14360082A934 /* OpenSans-LightItalic.ttf in Resources */ = {isa = PBXBuildFile; fileRef = 38CDB5E9299E14350082A934 /* OpenSans-LightItalic.ttf */; };
		38CDB5F4299E14360082A934 /* OpenSans-Regular.ttf in Resources */ = {isa = PBXBuildFile; fileRef = 38CDB5EA299E14350082A934 /* OpenSans-Regular.ttf */; };
		38CDB5F5299E14360082A934 /* OpenSans-Bold.ttf in Resources */ = {isa = PBXBuildFile; fileRef = 38CDB5EB299E14360082A934 /* OpenSans-Bold.ttf */; };
		38CDB5F6299E14360082A934 /* OpenSans-SemiboldItalic.ttf in Resources */ = {isa = PBXBuildFile; fileRef = 38CDB5EC299E14360082A934 /* OpenSans-SemiboldItalic.ttf */; };
		38CDB5F7299E14360082A934 /* OpenSans-ExtraBold.ttf in Resources */ = {isa = PBXBuildFile; fileRef = 38CDB5ED299E14360082A934 /* OpenSans-ExtraBold.ttf */; };
		38CDB5F8299E14360082A934 /* OpenSans-ExtraBoldItalic.ttf in Resources */ = {isa = PBXBuildFile; fileRef = 38CDB5EE299E14360082A934 /* OpenSans-ExtraBoldItalic.ttf */; };
		38CDB5F9299E14360082A934 /* OpenSans-BoldItalic.ttf in Resources */ = {isa = PBXBuildFile; fileRef = 38CDB5EF299E14360082A934 /* OpenSans-BoldItalic.ttf */; };
		38CDB5FB299E14DB0082A934 /* Font+Extensions.swift in Sources */ = {isa = PBXBuildFile; fileRef = 38CDB5FA299E14DB0082A934 /* Font+Extensions.swift */; };
		38CDB5FD299E18FF0082A934 /* Color+Extensions.swift in Sources */ = {isa = PBXBuildFile; fileRef = 38CDB5FC299E18FF0082A934 /* Color+Extensions.swift */; };
/* End PBXBuildFile section */

/* Begin PBXFileReference section */
		3813CA5D2994C536000E5AB1 /* SwiftyExperiments.app */ = {isa = PBXFileReference; explicitFileType = wrapper.application; includeInIndex = 0; path = SwiftyExperiments.app; sourceTree = BUILT_PRODUCTS_DIR; };
		3813CA602994C536000E5AB1 /* SwiftyExperimentsApp.swift */ = {isa = PBXFileReference; lastKnownFileType = sourcecode.swift; path = SwiftyExperimentsApp.swift; sourceTree = "<group>"; };
		3813CA622994C536000E5AB1 /* MainView.swift */ = {isa = PBXFileReference; lastKnownFileType = sourcecode.swift; path = MainView.swift; sourceTree = "<group>"; };
		3813CA642994C53B000E5AB1 /* Assets.xcassets */ = {isa = PBXFileReference; lastKnownFileType = folder.assetcatalog; path = Assets.xcassets; sourceTree = "<group>"; };
		3813CA672994C53B000E5AB1 /* Preview Assets.xcassets */ = {isa = PBXFileReference; lastKnownFileType = folder.assetcatalog; path = "Preview Assets.xcassets"; sourceTree = "<group>"; };
		3813CA7C2994DCF9000E5AB1 /* Teammate.swift */ = {isa = PBXFileReference; lastKnownFileType = sourcecode.swift; path = Teammate.swift; sourceTree = "<group>"; };
		3813CA7E2994DD2C000E5AB1 /* TeammatesData.swift */ = {isa = PBXFileReference; lastKnownFileType = sourcecode.swift; path = TeammatesData.swift; sourceTree = "<group>"; };
		3813CA802994DF14000E5AB1 /* TeammateRowView.swift */ = {isa = PBXFileReference; lastKnownFileType = sourcecode.swift; path = TeammateRowView.swift; sourceTree = "<group>"; };
		3813CA822994E32E000E5AB1 /* TeammateDetailView.swift */ = {isa = PBXFileReference; lastKnownFileType = sourcecode.swift; path = TeammateDetailView.swift; sourceTree = "<group>"; };
		3876DFB6299B654100CB4FBB /* AccouncementCardDetailView.swift */ = {isa = PBXFileReference; lastKnownFileType = sourcecode.swift; path = AccouncementCardDetailView.swift; sourceTree = "<group>"; };
		3876DFB8299B6BC900CB4FBB /* Announcement.swift */ = {isa = PBXFileReference; lastKnownFileType = sourcecode.swift; path = Announcement.swift; sourceTree = "<group>"; };
		3876DFBA299B6CD200CB4FBB /* AnnouncementData.swift */ = {isa = PBXFileReference; lastKnownFileType = sourcecode.swift; path = AnnouncementData.swift; sourceTree = "<group>"; };
		38CDB5E6299E14350082A934 /* OpenSans-Semibold.ttf */ = {isa = PBXFileReference; lastKnownFileType = file; path = "OpenSans-Semibold.ttf"; sourceTree = "<group>"; };
		38CDB5E7299E14350082A934 /* OpenSans-Italic.ttf */ = {isa = PBXFileReference; lastKnownFileType = file; path = "OpenSans-Italic.ttf"; sourceTree = "<group>"; };
		38CDB5E8299E14350082A934 /* OpenSans-Light.ttf */ = {isa = PBXFileReference; lastKnownFileType = file; path = "OpenSans-Light.ttf"; sourceTree = "<group>"; };
		38CDB5E9299E14350082A934 /* OpenSans-LightItalic.ttf */ = {isa = PBXFileReference; lastKnownFileType = file; path = "OpenSans-LightItalic.ttf"; sourceTree = "<group>"; };
		38CDB5EA299E14350082A934 /* OpenSans-Regular.ttf */ = {isa = PBXFileReference; lastKnownFileType = file; path = "OpenSans-Regular.ttf"; sourceTree = "<group>"; };
		38CDB5EB299E14360082A934 /* OpenSans-Bold.ttf */ = {isa = PBXFileReference; lastKnownFileType = file; path = "OpenSans-Bold.ttf"; sourceTree = "<group>"; };
		38CDB5EC299E14360082A934 /* OpenSans-SemiboldItalic.ttf */ = {isa = PBXFileReference; lastKnownFileType = file; path = "OpenSans-SemiboldItalic.ttf"; sourceTree = "<group>"; };
		38CDB5ED299E14360082A934 /* OpenSans-ExtraBold.ttf */ = {isa = PBXFileReference; lastKnownFileType = file; path = "OpenSans-ExtraBold.ttf"; sourceTree = "<group>"; };
		38CDB5EE299E14360082A934 /* OpenSans-ExtraBoldItalic.ttf */ = {isa = PBXFileReference; lastKnownFileType = file; path = "OpenSans-ExtraBoldItalic.ttf"; sourceTree = "<group>"; };
		38CDB5EF299E14360082A934 /* OpenSans-BoldItalic.ttf */ = {isa = PBXFileReference; lastKnownFileType = file; path = "OpenSans-BoldItalic.ttf"; sourceTree = "<group>"; };
		38CDB5FA299E14DB0082A934 /* Font+Extensions.swift */ = {isa = PBXFileReference; lastKnownFileType = sourcecode.swift; path = "Font+Extensions.swift"; sourceTree = "<group>"; };
		38CDB5FC299E18FF0082A934 /* Color+Extensions.swift */ = {isa = PBXFileReference; lastKnownFileType = sourcecode.swift; path = "Color+Extensions.swift"; sourceTree = "<group>"; };
/* End PBXFileReference section */

/* Begin PBXFrameworksBuildPhase section */
		3813CA5A2994C536000E5AB1 /* Frameworks */ = {
			isa = PBXFrameworksBuildPhase;
			buildActionMask = 2147483647;
			files = (
			);
			runOnlyForDeploymentPostprocessing = 0;
		};
/* End PBXFrameworksBuildPhase section */

/* Begin PBXGroup section */
		3813CA542994C536000E5AB1 = {
			isa = PBXGroup;
			children = (
				3813CA5F2994C536000E5AB1 /* SwiftyExperiments */,
				3813CA5E2994C536000E5AB1 /* Products */,
			);
			sourceTree = "<group>";
		};
		3813CA5E2994C536000E5AB1 /* Products */ = {
			isa = PBXGroup;
			children = (
				3813CA5D2994C536000E5AB1 /* SwiftyExperiments.app */,
			);
			name = Products;
			sourceTree = "<group>";
		};
		3813CA5F2994C536000E5AB1 /* SwiftyExperiments */ = {
			isa = PBXGroup;
			children = (
				3813CA7A2994DCC3000E5AB1 /* App */,
				3813CA722994C79E000E5AB1 /* Shared */,
				3813CA6E2994C752000E5AB1 /* Sean */,
				3813CA662994C53B000E5AB1 /* Preview Content */,
				3813CA642994C53B000E5AB1 /* Assets.xcassets */,
			);
			path = SwiftyExperiments;
			sourceTree = "<group>";
		};
		3813CA662994C53B000E5AB1 /* Preview Content */ = {
			isa = PBXGroup;
			children = (
				3813CA672994C53B000E5AB1 /* Preview Assets.xcassets */,
			);
			path = "Preview Content";
			sourceTree = "<group>";
		};
		3813CA6E2994C752000E5AB1 /* Sean */ = {
			isa = PBXGroup;
			children = (
				3813CA712994C763000E5AB1 /* View */,
				3813CA702994C75D000E5AB1 /* Model */,
				3813CA6F2994C758000E5AB1 /* Data */,
			);
			path = Sean;
			sourceTree = "<group>";
		};
		3813CA6F2994C758000E5AB1 /* Data */ = {
			isa = PBXGroup;
			children = (
				3876DFBA299B6CD200CB4FBB /* AnnouncementData.swift */,
			);
			path = Data;
			sourceTree = "<group>";
		};
		3813CA702994C75D000E5AB1 /* Model */ = {
			isa = PBXGroup;
			children = (
				3876DFB8299B6BC900CB4FBB /* Announcement.swift */,
			);
			path = Model;
			sourceTree = "<group>";
		};
		3813CA712994C763000E5AB1 /* View */ = {
			isa = PBXGroup;
			children = (
				3876DFB6299B654100CB4FBB /* AccouncementCardDetailView.swift */,
			);
			path = View;
			sourceTree = "<group>";
		};
		3813CA722994C79E000E5AB1 /* Shared */ = {
			isa = PBXGroup;
			children = (
				38CDB5E3299E13C30082A934 /* Assets */,
				38CDB5DF299E09D40082A934 /* Extensions */,
				3813CA792994DCAE000E5AB1 /* Screens */,
				3813CA782994DCA8000E5AB1 /* Models */,
				3813CA772994DCA1000E5AB1 /* Data */,
				3813CA762994DC9B000E5AB1 /* Views */,
			);
			path = Shared;
			sourceTree = "<group>";
		};
		3813CA762994DC9B000E5AB1 /* Views */ = {
			isa = PBXGroup;
			children = (
				3813CA802994DF14000E5AB1 /* TeammateRowView.swift */,
				3813CA822994E32E000E5AB1 /* TeammateDetailView.swift */,
			);
			path = Views;
			sourceTree = "<group>";
		};
		3813CA772994DCA1000E5AB1 /* Data */ = {
			isa = PBXGroup;
			children = (
				3813CA7E2994DD2C000E5AB1 /* TeammatesData.swift */,
			);
			path = Data;
			sourceTree = "<group>";
		};
		3813CA782994DCA8000E5AB1 /* Models */ = {
			isa = PBXGroup;
			children = (
				3813CA7C2994DCF9000E5AB1 /* Teammate.swift */,
			);
			path = Models;
			sourceTree = "<group>";
		};
		3813CA792994DCAE000E5AB1 /* Screens */ = {
			isa = PBXGroup;
			children = (
				3813CA622994C536000E5AB1 /* MainView.swift */,
			);
			path = Screens;
			sourceTree = "<group>";
		};
		3813CA7A2994DCC3000E5AB1 /* App */ = {
			isa = PBXGroup;
			children = (
				3813CA602994C536000E5AB1 /* SwiftyExperimentsApp.swift */,
			);
			path = App;
			sourceTree = "<group>";
		};
		38CDB5DF299E09D40082A934 /* Extensions */ = {
			isa = PBXGroup;
			children = (
				38CDB5FA299E14DB0082A934 /* Font+Extensions.swift */,
				38CDB5FC299E18FF0082A934 /* Color+Extensions.swift */,
			);
			path = Extensions;
			sourceTree = "<group>";
		};
		38CDB5E3299E13C30082A934 /* Assets */ = {
			isa = PBXGroup;
			children = (
				38CDB5E5299E13FB0082A934 /* Fonts */,
			);
			path = Assets;
			sourceTree = "<group>";
		};
		38CDB5E5299E13FB0082A934 /* Fonts */ = {
			isa = PBXGroup;
			children = (
				38CDB5EB299E14360082A934 /* OpenSans-Bold.ttf */,
				38CDB5EF299E14360082A934 /* OpenSans-BoldItalic.ttf */,
				38CDB5ED299E14360082A934 /* OpenSans-ExtraBold.ttf */,
				38CDB5EE299E14360082A934 /* OpenSans-ExtraBoldItalic.ttf */,
				38CDB5E7299E14350082A934 /* OpenSans-Italic.ttf */,
				38CDB5E8299E14350082A934 /* OpenSans-Light.ttf */,
				38CDB5E9299E14350082A934 /* OpenSans-LightItalic.ttf */,
				38CDB5EA299E14350082A934 /* OpenSans-Regular.ttf */,
				38CDB5E6299E14350082A934 /* OpenSans-Semibold.ttf */,
				38CDB5EC299E14360082A934 /* OpenSans-SemiboldItalic.ttf */,
			);
			path = Fonts;
			sourceTree = "<group>";
		};
/* End PBXGroup section */

/* Begin PBXNativeTarget section */
		3813CA5C2994C536000E5AB1 /* SwiftyExperiments */ = {
			isa = PBXNativeTarget;
			buildConfigurationList = 3813CA6B2994C53B000E5AB1 /* Build configuration list for PBXNativeTarget "SwiftyExperiments" */;
			buildPhases = (
				3813CA592994C536000E5AB1 /* Sources */,
				3813CA5A2994C536000E5AB1 /* Frameworks */,
				3813CA5B2994C536000E5AB1 /* Resources */,
			);
			buildRules = (
			);
			dependencies = (
			);
			name = SwiftyExperiments;
			productName = SwiftyExperiments;
			productReference = 3813CA5D2994C536000E5AB1 /* SwiftyExperiments.app */;
			productType = "com.apple.product-type.application";
		};
/* End PBXNativeTarget section */

/* Begin PBXProject section */
		3813CA552994C536000E5AB1 /* Project object */ = {
			isa = PBXProject;
			attributes = {
				BuildIndependentTargetsInParallel = 1;
				LastSwiftUpdateCheck = 1340;
				LastUpgradeCheck = 1340;
				TargetAttributes = {
					3813CA5C2994C536000E5AB1 = {
						CreatedOnToolsVersion = 13.4.1;
					};
				};
			};
			buildConfigurationList = 3813CA582994C536000E5AB1 /* Build configuration list for PBXProject "SwiftyExperiments" */;
			compatibilityVersion = "Xcode 13.0";
			developmentRegion = en;
			hasScannedForEncodings = 0;
			knownRegions = (
				en,
				Base,
			);
			mainGroup = 3813CA542994C536000E5AB1;
			productRefGroup = 3813CA5E2994C536000E5AB1 /* Products */;
			projectDirPath = "";
			projectRoot = "";
			targets = (
				3813CA5C2994C536000E5AB1 /* SwiftyExperiments */,
			);
		};
/* End PBXProject section */

/* Begin PBXResourcesBuildPhase section */
		3813CA5B2994C536000E5AB1 /* Resources */ = {
			isa = PBXResourcesBuildPhase;
			buildActionMask = 2147483647;
			files = (
				38CDB5F2299E14360082A934 /* OpenSans-Light.ttf in Resources */,
				38CDB5F7299E14360082A934 /* OpenSans-ExtraBold.ttf in Resources */,
				38CDB5F0299E14360082A934 /* OpenSans-Semibold.ttf in Resources */,
				38CDB5F3299E14360082A934 /* OpenSans-LightItalic.ttf in Resources */,
				3813CA682994C53B000E5AB1 /* Preview Assets.xcassets in Resources */,
				3813CA652994C53B000E5AB1 /* Assets.xcassets in Resources */,
				38CDB5F5299E14360082A934 /* OpenSans-Bold.ttf in Resources */,
				38CDB5F8299E14360082A934 /* OpenSans-ExtraBoldItalic.ttf in Resources */,
				38CDB5F9299E14360082A934 /* OpenSans-BoldItalic.ttf in Resources */,
				38CDB5F6299E14360082A934 /* OpenSans-SemiboldItalic.ttf in Resources */,
				38CDB5F1299E14360082A934 /* OpenSans-Italic.ttf in Resources */,
				38CDB5F4299E14360082A934 /* OpenSans-Regular.ttf in Resources */,
			);
			runOnlyForDeploymentPostprocessing = 0;
		};
/* End PBXResourcesBuildPhase section */

/* Begin PBXSourcesBuildPhase section */
		3813CA592994C536000E5AB1 /* Sources */ = {
			isa = PBXSourcesBuildPhase;
			buildActionMask = 2147483647;
			files = (
				3876DFB9299B6BC900CB4FBB /* Announcement.swift in Sources */,
				3813CA632994C536000E5AB1 /* MainView.swift in Sources */,
				38CDB5FB299E14DB0082A934 /* Font+Extensions.swift in Sources */,
				3813CA832994E32E000E5AB1 /* TeammateDetailView.swift in Sources */,
				3813CA7F2994DD2C000E5AB1 /* TeammatesData.swift in Sources */,
				3876DFBB299B6CD200CB4FBB /* AnnouncementData.swift in Sources */,
				3876DFB7299B654100CB4FBB /* AccouncementCardDetailView.swift in Sources */,
				3813CA812994DF14000E5AB1 /* TeammateRowView.swift in Sources */,
				3813CA612994C536000E5AB1 /* SwiftyExperimentsApp.swift in Sources */,
				38CDB5FD299E18FF0082A934 /* Color+Extensions.swift in Sources */,
				3813CA7D2994DCF9000E5AB1 /* Teammate.swift in Sources */,
			);
			runOnlyForDeploymentPostprocessing = 0;
		};
/* End PBXSourcesBuildPhase section */

/* Begin XCBuildConfiguration section */
		3813CA692994C53B000E5AB1 /* Debug */ = {
			isa = XCBuildConfiguration;
			buildSettings = {
				ALWAYS_SEARCH_USER_PATHS = NO;
				CLANG_ANALYZER_NONNULL = YES;
				CLANG_ANALYZER_NUMBER_OBJECT_CONVERSION = YES_AGGRESSIVE;
				CLANG_CXX_LANGUAGE_STANDARD = "gnu++17";
				CLANG_ENABLE_MODULES = YES;
				CLANG_ENABLE_OBJC_ARC = YES;
				CLANG_ENABLE_OBJC_WEAK = YES;
				CLANG_WARN_BLOCK_CAPTURE_AUTORELEASING = YES;
				CLANG_WARN_BOOL_CONVERSION = YES;
				CLANG_WARN_COMMA = YES;
				CLANG_WARN_CONSTANT_CONVERSION = YES;
				CLANG_WARN_DEPRECATED_OBJC_IMPLEMENTATIONS = YES;
				CLANG_WARN_DIRECT_OBJC_ISA_USAGE = YES_ERROR;
				CLANG_WARN_DOCUMENTATION_COMMENTS = YES;
				CLANG_WARN_EMPTY_BODY = YES;
				CLANG_WARN_ENUM_CONVERSION = YES;
				CLANG_WARN_INFINITE_RECURSION = YES;
				CLANG_WARN_INT_CONVERSION = YES;
				CLANG_WARN_NON_LITERAL_NULL_CONVERSION = YES;
				CLANG_WARN_OBJC_IMPLICIT_RETAIN_SELF = YES;
				CLANG_WARN_OBJC_LITERAL_CONVERSION = YES;
				CLANG_WARN_OBJC_ROOT_CLASS = YES_ERROR;
				CLANG_WARN_QUOTED_INCLUDE_IN_FRAMEWORK_HEADER = YES;
				CLANG_WARN_RANGE_LOOP_ANALYSIS = YES;
				CLANG_WARN_STRICT_PROTOTYPES = YES;
				CLANG_WARN_SUSPICIOUS_MOVE = YES;
				CLANG_WARN_UNGUARDED_AVAILABILITY = YES_AGGRESSIVE;
				CLANG_WARN_UNREACHABLE_CODE = YES;
				CLANG_WARN__DUPLICATE_METHOD_MATCH = YES;
				COPY_PHASE_STRIP = NO;
				DEBUG_INFORMATION_FORMAT = dwarf;
				ENABLE_STRICT_OBJC_MSGSEND = YES;
				ENABLE_TESTABILITY = YES;
				GCC_C_LANGUAGE_STANDARD = gnu11;
				GCC_DYNAMIC_NO_PIC = NO;
				GCC_NO_COMMON_BLOCKS = YES;
				GCC_OPTIMIZATION_LEVEL = 0;
				GCC_PREPROCESSOR_DEFINITIONS = (
					"DEBUG=1",
					"$(inherited)",
				);
				GCC_WARN_64_TO_32_BIT_CONVERSION = YES;
				GCC_WARN_ABOUT_RETURN_TYPE = YES_ERROR;
				GCC_WARN_UNDECLARED_SELECTOR = YES;
				GCC_WARN_UNINITIALIZED_AUTOS = YES_AGGRESSIVE;
				GCC_WARN_UNUSED_FUNCTION = YES;
				GCC_WARN_UNUSED_VARIABLE = YES;
				IPHONEOS_DEPLOYMENT_TARGET = 15.5;
				MTL_ENABLE_DEBUG_INFO = INCLUDE_SOURCE;
				MTL_FAST_MATH = YES;
				ONLY_ACTIVE_ARCH = YES;
				SDKROOT = iphoneos;
				SWIFT_ACTIVE_COMPILATION_CONDITIONS = DEBUG;
				SWIFT_OPTIMIZATION_LEVEL = "-Onone";
			};
			name = Debug;
		};
		3813CA6A2994C53B000E5AB1 /* Release */ = {
			isa = XCBuildConfiguration;
			buildSettings = {
				ALWAYS_SEARCH_USER_PATHS = NO;
				CLANG_ANALYZER_NONNULL = YES;
				CLANG_ANALYZER_NUMBER_OBJECT_CONVERSION = YES_AGGRESSIVE;
				CLANG_CXX_LANGUAGE_STANDARD = "gnu++17";
				CLANG_ENABLE_MODULES = YES;
				CLANG_ENABLE_OBJC_ARC = YES;
				CLANG_ENABLE_OBJC_WEAK = YES;
				CLANG_WARN_BLOCK_CAPTURE_AUTORELEASING = YES;
				CLANG_WARN_BOOL_CONVERSION = YES;
				CLANG_WARN_COMMA = YES;
				CLANG_WARN_CONSTANT_CONVERSION = YES;
				CLANG_WARN_DEPRECATED_OBJC_IMPLEMENTATIONS = YES;
				CLANG_WARN_DIRECT_OBJC_ISA_USAGE = YES_ERROR;
				CLANG_WARN_DOCUMENTATION_COMMENTS = YES;
				CLANG_WARN_EMPTY_BODY = YES;
				CLANG_WARN_ENUM_CONVERSION = YES;
				CLANG_WARN_INFINITE_RECURSION = YES;
				CLANG_WARN_INT_CONVERSION = YES;
				CLANG_WARN_NON_LITERAL_NULL_CONVERSION = YES;
				CLANG_WARN_OBJC_IMPLICIT_RETAIN_SELF = YES;
				CLANG_WARN_OBJC_LITERAL_CONVERSION = YES;
				CLANG_WARN_OBJC_ROOT_CLASS = YES_ERROR;
				CLANG_WARN_QUOTED_INCLUDE_IN_FRAMEWORK_HEADER = YES;
				CLANG_WARN_RANGE_LOOP_ANALYSIS = YES;
				CLANG_WARN_STRICT_PROTOTYPES = YES;
				CLANG_WARN_SUSPICIOUS_MOVE = YES;
				CLANG_WARN_UNGUARDED_AVAILABILITY = YES_AGGRESSIVE;
				CLANG_WARN_UNREACHABLE_CODE = YES;
				CLANG_WARN__DUPLICATE_METHOD_MATCH = YES;
				COPY_PHASE_STRIP = NO;
				DEBUG_INFORMATION_FORMAT = "dwarf-with-dsym";
				ENABLE_NS_ASSERTIONS = NO;
				ENABLE_STRICT_OBJC_MSGSEND = YES;
				GCC_C_LANGUAGE_STANDARD = gnu11;
				GCC_NO_COMMON_BLOCKS = YES;
				GCC_WARN_64_TO_32_BIT_CONVERSION = YES;
				GCC_WARN_ABOUT_RETURN_TYPE = YES_ERROR;
				GCC_WARN_UNDECLARED_SELECTOR = YES;
				GCC_WARN_UNINITIALIZED_AUTOS = YES_AGGRESSIVE;
				GCC_WARN_UNUSED_FUNCTION = YES;
				GCC_WARN_UNUSED_VARIABLE = YES;
				IPHONEOS_DEPLOYMENT_TARGET = 15.5;
				MTL_ENABLE_DEBUG_INFO = NO;
				MTL_FAST_MATH = YES;
				SDKROOT = iphoneos;
				SWIFT_COMPILATION_MODE = wholemodule;
				SWIFT_OPTIMIZATION_LEVEL = "-O";
				VALIDATE_PRODUCT = YES;
			};
			name = Release;
		};
		3813CA6C2994C53B000E5AB1 /* Debug */ = {
			isa = XCBuildConfiguration;
			buildSettings = {
				ASSETCATALOG_COMPILER_APPICON_NAME = AppIcon;
				ASSETCATALOG_COMPILER_GLOBAL_ACCENT_COLOR_NAME = AccentColor;
				CODE_SIGN_STYLE = Automatic;
				CURRENT_PROJECT_VERSION = 1;
				DEVELOPMENT_ASSET_PATHS = "\"SwiftyExperiments/Preview Content\"";
				ENABLE_PREVIEWS = YES;
				GENERATE_INFOPLIST_FILE = YES;
				INFOPLIST_FILE = SwiftyExperiments/Info.plist;
				INFOPLIST_KEY_CFBundleDisplayName = SwiftyXP;
				INFOPLIST_KEY_UIApplicationSceneManifest_Generation = YES;
				INFOPLIST_KEY_UIApplicationSupportsIndirectInputEvents = YES;
				INFOPLIST_KEY_UISupportedInterfaceOrientations = UIInterfaceOrientationPortrait;
				INFOPLIST_KEY_UISupportedInterfaceOrientations_iPhone = UIInterfaceOrientationPortrait;
				IPHONEOS_DEPLOYMENT_TARGET = 14.0;
				LD_RUNPATH_SEARCH_PATHS = (
					"$(inherited)",
					"@executable_path/Frameworks",
				);
				MARKETING_VERSION = 1.0;
				PRODUCT_BUNDLE_IDENTIFIER = "ios-learning-chapter.SwiftyExperiments";
				PRODUCT_NAME = "$(TARGET_NAME)";
				SWIFT_EMIT_LOC_STRINGS = YES;
				SWIFT_VERSION = 5.0;
				TARGETED_DEVICE_FAMILY = 1;
			};
			name = Debug;
		};
		3813CA6D2994C53B000E5AB1 /* Release */ = {
			isa = XCBuildConfiguration;
			buildSettings = {
				ASSETCATALOG_COMPILER_APPICON_NAME = AppIcon;
				ASSETCATALOG_COMPILER_GLOBAL_ACCENT_COLOR_NAME = AccentColor;
				CODE_SIGN_STYLE = Automatic;
				CURRENT_PROJECT_VERSION = 1;
				DEVELOPMENT_ASSET_PATHS = "\"SwiftyExperiments/Preview Content\"";
				ENABLE_PREVIEWS = YES;
				GENERATE_INFOPLIST_FILE = YES;
				INFOPLIST_FILE = SwiftyExperiments/Info.plist;
				INFOPLIST_KEY_CFBundleDisplayName = SwiftyXP;
				INFOPLIST_KEY_UIApplicationSceneManifest_Generation = YES;
				INFOPLIST_KEY_UIApplicationSupportsIndirectInputEvents = YES;
				INFOPLIST_KEY_UISupportedInterfaceOrientations = UIInterfaceOrientationPortrait;
				INFOPLIST_KEY_UISupportedInterfaceOrientations_iPhone = UIInterfaceOrientationPortrait;
				IPHONEOS_DEPLOYMENT_TARGET = 14.0;
				LD_RUNPATH_SEARCH_PATHS = (
					"$(inherited)",
					"@executable_path/Frameworks",
				);
				MARKETING_VERSION = 1.0;
				PRODUCT_BUNDLE_IDENTIFIER = "ios-learning-chapter.SwiftyExperiments";
				PRODUCT_NAME = "$(TARGET_NAME)";
				SWIFT_EMIT_LOC_STRINGS = YES;
				SWIFT_VERSION = 5.0;
				TARGETED_DEVICE_FAMILY = 1;
			};
			name = Release;
		};
/* End XCBuildConfiguration section */

/* Begin XCConfigurationList section */
		3813CA582994C536000E5AB1 /* Build configuration list for PBXProject "SwiftyExperiments" */ = {
			isa = XCConfigurationList;
			buildConfigurations = (
				3813CA692994C53B000E5AB1 /* Debug */,
				3813CA6A2994C53B000E5AB1 /* Release */,
			);
			defaultConfigurationIsVisible = 0;
			defaultConfigurationName = Release;
		};
		3813CA6B2994C53B000E5AB1 /* Build configuration list for PBXNativeTarget "SwiftyExperiments" */ = {
			isa = XCConfigurationList;
			buildConfigurations = (
				3813CA6C2994C53B000E5AB1 /* Debug */,
				3813CA6D2994C53B000E5AB1 /* Release */,
			);
			defaultConfigurationIsVisible = 0;
			defaultConfigurationName = Release;
		};
/* End XCConfigurationList section */
	};
	rootObject = 3813CA552994C536000E5AB1 /* Project object */;
}
