// !$*UTF8*$!
{
	archiveVersion = 1;
	classes = {
	};
	objectVersion = 55;
	objects = {

/* Begin PBXBuildFile section */
		3813CA612994C536000E5AB1 /* SwiftyExperimentsApp.swift in Sources */ = {isa = PBXBuildFile; fileRef = 3813CA602994C536000E5AB1 /* SwiftyExperimentsApp.swift */; };
		3813CA632994C536000E5AB1 /* MainView.swift in Sources */ = {isa = PBXBuildFile; fileRef = 3813CA622994C536000E5AB1 /* MainView.swift */; };
		3813CA652994C53B000E5AB1 /* Assets.xcassets in Resources */ = {isa = PBXBuildFile; fileRef = 3813CA642994C53B000E5AB1 /* Assets.xcassets */; };
		3813CA682994C53B000E5AB1 /* Preview Assets.xcassets in Resources */ = {isa = PBXBuildFile; fileRef = 3813CA672994C53B000E5AB1 /* Preview Assets.xcassets */; };
		3813CA7D2994DCF9000E5AB1 /* Teammate.swift in Sources */ = {isa = PBXBuildFile; fileRef = 3813CA7C2994DCF9000E5AB1 /* Teammate.swift */; };
		3813CA7F2994DD2C000E5AB1 /* TeammatesData.swift in Sources */ = {isa = PBXBuildFile; fileRef = 3813CA7E2994DD2C000E5AB1 /* TeammatesData.swift */; };
		3813CA812994DF14000E5AB1 /* TeammateRowView.swift in Sources */ = {isa = PBXBuildFile; fileRef = 3813CA802994DF14000E5AB1 /* TeammateRowView.swift */; };
		3813CA832994E32E000E5AB1 /* TeammateDetailView.swift in Sources */ = {isa = PBXBuildFile; fileRef = 3813CA822994E32E000E5AB1 /* TeammateDetailView.swift */; };
		3876A0A729A891150032D081 /* Eddison.h in Headers */ = {isa = PBXBuildFile; fileRef = 3876A0A629A891150032D081 /* Eddison.h */; settings = {ATTRIBUTES = (Public, ); }; };
		3876A0AA29A891150032D081 /* Eddison.framework in Frameworks */ = {isa = PBXBuildFile; fileRef = 3876A0A429A891150032D081 /* Eddison.framework */; };
		3876A0AB29A891150032D081 /* Eddison.framework in Embed Frameworks */ = {isa = PBXBuildFile; fileRef = 3876A0A429A891150032D081 /* Eddison.framework */; settings = {ATTRIBUTES = (CodeSignOnCopy, RemoveHeadersOnCopy, ); }; };
		3876A0B829A891A70032D081 /* Mantra.h in Headers */ = {isa = PBXBuildFile; fileRef = 3876A0B729A891A70032D081 /* Mantra.h */; settings = {ATTRIBUTES = (Public, ); }; };
		3876A0BB29A891A70032D081 /* Mantra.framework in Frameworks */ = {isa = PBXBuildFile; fileRef = 3876A0B529A891A70032D081 /* Mantra.framework */; };
		3876A0BC29A891A70032D081 /* Mantra.framework in Embed Frameworks */ = {isa = PBXBuildFile; fileRef = 3876A0B529A891A70032D081 /* Mantra.framework */; settings = {ATTRIBUTES = (CodeSignOnCopy, RemoveHeadersOnCopy, ); }; };
		3876A0C729A892790032D081 /* EddisonLandingView.swift in Sources */ = {isa = PBXBuildFile; fileRef = 3876A0C629A892790032D081 /* EddisonLandingView.swift */; };
		3876A0CA29A896B00032D081 /* TeammateID.swift in Sources */ = {isa = PBXBuildFile; fileRef = 3876A0C929A896B00032D081 /* TeammateID.swift */; };
		3876A0CB29A89BDF0032D081 /* EddisonLandingView.swift in Sources */ = {isa = PBXBuildFile; fileRef = 3876A0C629A892790032D081 /* EddisonLandingView.swift */; };
		3876DFB7299B654100CB4FBB /* AnnouncementCardDetailView.swift in Sources */ = {isa = PBXBuildFile; fileRef = 3876DFB6299B654100CB4FBB /* AnnouncementCardDetailView.swift */; };
		3876DFB9299B6BC900CB4FBB /* Announcement.swift in Sources */ = {isa = PBXBuildFile; fileRef = 3876DFB8299B6BC900CB4FBB /* Announcement.swift */; };
		3876DFBB299B6CD200CB4FBB /* AnnouncementData.swift in Sources */ = {isa = PBXBuildFile; fileRef = 3876DFBA299B6CD200CB4FBB /* AnnouncementData.swift */; };
		38CDB5F0299E14360082A934 /* OpenSans-Semibold.ttf in Resources */ = {isa = PBXBuildFile; fileRef = 38CDB5E6299E14350082A934 /* OpenSans-Semibold.ttf */; };
		38CDB5F1299E14360082A934 /* OpenSans-Italic.ttf in Resources */ = {isa = PBXBuildFile; fileRef = 38CDB5E7299E14350082A934 /* OpenSans-Italic.ttf */; };
		38CDB5F2299E14360082A934 /* OpenSans-Light.ttf in Resources */ = {isa = PBXBuildFile; fileRef = 38CDB5E8299E14350082A934 /* OpenSans-Light.ttf */; };
		38CDB5F3299E14360082A934 /* OpenSans-LightItalic.ttf in Resources */ = {isa = PBXBuildFile; fileRef = 38CDB5E9299E14350082A934 /* OpenSans-LightItalic.ttf */; };
		38CDB5F4299E14360082A934 /* OpenSans-Regular.ttf in Resources */ = {isa = PBXBuildFile; fileRef = 38CDB5EA299E14350082A934 /* OpenSans-Regular.ttf */; };
		38CDB5F5299E14360082A934 /* OpenSans-Bold.ttf in Resources */ = {isa = PBXBuildFile; fileRef = 38CDB5EB299E14360082A934 /* OpenSans-Bold.ttf */; };
		38CDB5F6299E14360082A934 /* OpenSans-SemiboldItalic.ttf in Resources */ = {isa = PBXBuildFile; fileRef = 38CDB5EC299E14360082A934 /* OpenSans-SemiboldItalic.ttf */; };
		38CDB5F7299E14360082A934 /* OpenSans-ExtraBold.ttf in Resources */ = {isa = PBXBuildFile; fileRef = 38CDB5ED299E14360082A934 /* OpenSans-ExtraBold.ttf */; };
		38CDB5F8299E14360082A934 /* OpenSans-ExtraBoldItalic.ttf in Resources */ = {isa = PBXBuildFile; fileRef = 38CDB5EE299E14360082A934 /* OpenSans-ExtraBoldItalic.ttf */; };
		38CDB5F9299E14360082A934 /* OpenSans-BoldItalic.ttf in Resources */ = {isa = PBXBuildFile; fileRef = 38CDB5EF299E14360082A934 /* OpenSans-BoldItalic.ttf */; };
		38CDB5FB299E14DB0082A934 /* Font+Extensions.swift in Sources */ = {isa = PBXBuildFile; fileRef = 38CDB5FA299E14DB0082A934 /* Font+Extensions.swift */; };
		38CDB5FD299E18FF0082A934 /* Color+Extensions.swift in Sources */ = {isa = PBXBuildFile; fileRef = 38CDB5FC299E18FF0082A934 /* Color+Extensions.swift */; };
		38CDB6A4299E2FE60082A934 /* SwiftyExperiments.strings in Resources */ = {isa = PBXBuildFile; fileRef = 38CDB6A3299E2FE60082A934 /* SwiftyExperiments.strings */; };
		38CDB6A6299E308A0082A934 /* String+Extensions.swift in Sources */ = {isa = PBXBuildFile; fileRef = 38CDB6A5299E308A0082A934 /* String+Extensions.swift */; };
		38CDB6A8299E30DA0082A934 /* SwiftyExperimentsLocalizer.swift in Sources */ = {isa = PBXBuildFile; fileRef = 38CDB6A7299E30DA0082A934 /* SwiftyExperimentsLocalizer.swift */; };
		CAE6034E29B571AF00C3CF37 /* UserListView.swift in Sources */ = {isa = PBXBuildFile; fileRef = CAE6034D29B571AF00C3CF37 /* UserListView.swift */; };
		CAE6035129B572AD00C3CF37 /* Resolver in Frameworks */ = {isa = PBXBuildFile; productRef = CAE6035029B572AD00C3CF37 /* Resolver */; };
		CAE6035929B5730F00C3CF37 /* Data+Decode.swift in Sources */ = {isa = PBXBuildFile; fileRef = CAE6035829B5730F00C3CF37 /* Data+Decode.swift */; };
		CAE6035D29B5744600C3CF37 /* ErrorView.swift in Sources */ = {isa = PBXBuildFile; fileRef = CAE6035C29B5744600C3CF37 /* ErrorView.swift */; };
		CAE6036029B57A4B00C3CF37 /* Container+DI.swift in Sources */ = {isa = PBXBuildFile; fileRef = CAE6035F29B57A4B00C3CF37 /* Container+DI.swift */; };
		CAE6036329B5894500C3CF37 /* APIError.swift in Sources */ = {isa = PBXBuildFile; fileRef = CAE6036229B5894500C3CF37 /* APIError.swift */; };
		CAE6036729B58DFE00C3CF37 /* User.swift in Sources */ = {isa = PBXBuildFile; fileRef = CAE6036629B58DFE00C3CF37 /* User.swift */; };
		CAE6036929B58F2D00C3CF37 /* UserListViewModelStateManager.swift in Sources */ = {isa = PBXBuildFile; fileRef = CAE6036829B58F2D00C3CF37 /* UserListViewModelStateManager.swift */; };
		CAE6036B29B58F9100C3CF37 /* UserService.swift in Sources */ = {isa = PBXBuildFile; fileRef = CAE6036A29B58F9100C3CF37 /* UserService.swift */; };
		CAE6036D29B590AB00C3CF37 /* HTTPMethod.swift in Sources */ = {isa = PBXBuildFile; fileRef = CAE6036C29B590AB00C3CF37 /* HTTPMethod.swift */; };
		CAE6036F29B5945100C3CF37 /* APIService.swift in Sources */ = {isa = PBXBuildFile; fileRef = CAE6036E29B5945100C3CF37 /* APIService.swift */; };
		CAE6037129B594A900C3CF37 /* URLComponentService.swift in Sources */ = {isa = PBXBuildFile; fileRef = CAE6037029B594A900C3CF37 /* URLComponentService.swift */; };
		CAE6037429B598F400C3CF37 /* UserModel.swift in Sources */ = {isa = PBXBuildFile; fileRef = CAE6037329B598F400C3CF37 /* UserModel.swift */; };
		CAE6037629B599A000C3CF37 /* UserListModel.swift in Sources */ = {isa = PBXBuildFile; fileRef = CAE6037529B599A000C3CF37 /* UserListModel.swift */; };
		CAE6037829B59C1C00C3CF37 /* UserView.swift in Sources */ = {isa = PBXBuildFile; fileRef = CAE6037729B59C1C00C3CF37 /* UserView.swift */; };
		CAE6038029B5AD5A00C3CF37 /* SwiftyExperimentsTests.swift in Sources */ = {isa = PBXBuildFile; fileRef = CAE6037F29B5AD5A00C3CF37 /* SwiftyExperimentsTests.swift */; };
		CAE6038829B5ADEB00C3CF37 /* MockDependecyContainer.swift in Sources */ = {isa = PBXBuildFile; fileRef = CAE6038729B5ADEB00C3CF37 /* MockDependecyContainer.swift */; };
		CAE6038B29B5AF1700C3CF37 /* APIServiceMock.swift in Sources */ = {isa = PBXBuildFile; fileRef = CAE6038A29B5AF1700C3CF37 /* APIServiceMock.swift */; };
		CAE6038E29B5B0F400C3CF37 /* UserServiceTests.swift in Sources */ = {isa = PBXBuildFile; fileRef = CAE6038D29B5B0F400C3CF37 /* UserServiceTests.swift */; };
/* End PBXBuildFile section */

/* Begin PBXContainerItemProxy section */
		CAE6038129B5AD5A00C3CF37 /* PBXContainerItemProxy */ = {
			isa = PBXContainerItemProxy;
			containerPortal = 3813CA552994C536000E5AB1 /* Project object */;
			proxyType = 1;
			remoteGlobalIDString = 3813CA5C2994C536000E5AB1;
			remoteInfo = SwiftyExperiments;
		};
/* End PBXContainerItemProxy section */

/* Begin PBXFileReference section */
		3813CA5D2994C536000E5AB1 /* SwiftyExperiments.app */ = {isa = PBXFileReference; explicitFileType = wrapper.application; includeInIndex = 0; path = SwiftyExperiments.app; sourceTree = BUILT_PRODUCTS_DIR; };
		3813CA602994C536000E5AB1 /* SwiftyExperimentsApp.swift */ = {isa = PBXFileReference; lastKnownFileType = sourcecode.swift; path = SwiftyExperimentsApp.swift; sourceTree = "<group>"; };
		3813CA622994C536000E5AB1 /* MainView.swift */ = {isa = PBXFileReference; lastKnownFileType = sourcecode.swift; path = MainView.swift; sourceTree = "<group>"; };
		3813CA642994C53B000E5AB1 /* Assets.xcassets */ = {isa = PBXFileReference; lastKnownFileType = folder.assetcatalog; path = Assets.xcassets; sourceTree = "<group>"; };
		3813CA672994C53B000E5AB1 /* Preview Assets.xcassets */ = {isa = PBXFileReference; lastKnownFileType = folder.assetcatalog; path = "Preview Assets.xcassets"; sourceTree = "<group>"; };
		3813CA7C2994DCF9000E5AB1 /* Teammate.swift */ = {isa = PBXFileReference; lastKnownFileType = sourcecode.swift; path = Teammate.swift; sourceTree = "<group>"; };
		3813CA7E2994DD2C000E5AB1 /* TeammatesData.swift */ = {isa = PBXFileReference; lastKnownFileType = sourcecode.swift; path = TeammatesData.swift; sourceTree = "<group>"; };
		3813CA802994DF14000E5AB1 /* TeammateRowView.swift */ = {isa = PBXFileReference; lastKnownFileType = sourcecode.swift; path = TeammateRowView.swift; sourceTree = "<group>"; };
		3813CA822994E32E000E5AB1 /* TeammateDetailView.swift */ = {isa = PBXFileReference; lastKnownFileType = sourcecode.swift; path = TeammateDetailView.swift; sourceTree = "<group>"; };
		3876A0A429A891150032D081 /* Eddison.framework */ = {isa = PBXFileReference; explicitFileType = wrapper.framework; includeInIndex = 0; path = Eddison.framework; sourceTree = BUILT_PRODUCTS_DIR; };
		3876A0A629A891150032D081 /* Eddison.h */ = {isa = PBXFileReference; lastKnownFileType = sourcecode.c.h; path = Eddison.h; sourceTree = "<group>"; };
		3876A0B529A891A70032D081 /* Mantra.framework */ = {isa = PBXFileReference; explicitFileType = wrapper.framework; includeInIndex = 0; path = Mantra.framework; sourceTree = BUILT_PRODUCTS_DIR; };
		3876A0B729A891A70032D081 /* Mantra.h */ = {isa = PBXFileReference; lastKnownFileType = sourcecode.c.h; path = Mantra.h; sourceTree = "<group>"; };
		3876A0C629A892790032D081 /* EddisonLandingView.swift */ = {isa = PBXFileReference; lastKnownFileType = sourcecode.swift; path = EddisonLandingView.swift; sourceTree = "<group>"; };
		3876A0C929A896B00032D081 /* TeammateID.swift */ = {isa = PBXFileReference; lastKnownFileType = sourcecode.swift; path = TeammateID.swift; sourceTree = "<group>"; };
		3876DFB6299B654100CB4FBB /* AnnouncementCardDetailView.swift */ = {isa = PBXFileReference; lastKnownFileType = sourcecode.swift; path = AnnouncementCardDetailView.swift; sourceTree = "<group>"; };
		3876DFB8299B6BC900CB4FBB /* Announcement.swift */ = {isa = PBXFileReference; lastKnownFileType = sourcecode.swift; path = Announcement.swift; sourceTree = "<group>"; };
		3876DFBA299B6CD200CB4FBB /* AnnouncementData.swift */ = {isa = PBXFileReference; lastKnownFileType = sourcecode.swift; path = AnnouncementData.swift; sourceTree = "<group>"; };
		38CDB5E6299E14350082A934 /* OpenSans-Semibold.ttf */ = {isa = PBXFileReference; lastKnownFileType = file; path = "OpenSans-Semibold.ttf"; sourceTree = "<group>"; };
		38CDB5E7299E14350082A934 /* OpenSans-Italic.ttf */ = {isa = PBXFileReference; lastKnownFileType = file; path = "OpenSans-Italic.ttf"; sourceTree = "<group>"; };
		38CDB5E8299E14350082A934 /* OpenSans-Light.ttf */ = {isa = PBXFileReference; lastKnownFileType = file; path = "OpenSans-Light.ttf"; sourceTree = "<group>"; };
		38CDB5E9299E14350082A934 /* OpenSans-LightItalic.ttf */ = {isa = PBXFileReference; lastKnownFileType = file; path = "OpenSans-LightItalic.ttf"; sourceTree = "<group>"; };
		38CDB5EA299E14350082A934 /* OpenSans-Regular.ttf */ = {isa = PBXFileReference; lastKnownFileType = file; path = "OpenSans-Regular.ttf"; sourceTree = "<group>"; };
		38CDB5EB299E14360082A934 /* OpenSans-Bold.ttf */ = {isa = PBXFileReference; lastKnownFileType = file; path = "OpenSans-Bold.ttf"; sourceTree = "<group>"; };
		38CDB5EC299E14360082A934 /* OpenSans-SemiboldItalic.ttf */ = {isa = PBXFileReference; lastKnownFileType = file; path = "OpenSans-SemiboldItalic.ttf"; sourceTree = "<group>"; };
		38CDB5ED299E14360082A934 /* OpenSans-ExtraBold.ttf */ = {isa = PBXFileReference; lastKnownFileType = file; path = "OpenSans-ExtraBold.ttf"; sourceTree = "<group>"; };
		38CDB5EE299E14360082A934 /* OpenSans-ExtraBoldItalic.ttf */ = {isa = PBXFileReference; lastKnownFileType = file; path = "OpenSans-ExtraBoldItalic.ttf"; sourceTree = "<group>"; };
		38CDB5EF299E14360082A934 /* OpenSans-BoldItalic.ttf */ = {isa = PBXFileReference; lastKnownFileType = file; path = "OpenSans-BoldItalic.ttf"; sourceTree = "<group>"; };
		38CDB5FA299E14DB0082A934 /* Font+Extensions.swift */ = {isa = PBXFileReference; lastKnownFileType = sourcecode.swift; path = "Font+Extensions.swift"; sourceTree = "<group>"; };
		38CDB5FC299E18FF0082A934 /* Color+Extensions.swift */ = {isa = PBXFileReference; lastKnownFileType = sourcecode.swift; path = "Color+Extensions.swift"; sourceTree = "<group>"; };
		38CDB6A3299E2FE60082A934 /* SwiftyExperiments.strings */ = {isa = PBXFileReference; lastKnownFileType = text.plist.strings; path = SwiftyExperiments.strings; sourceTree = "<group>"; };
		38CDB6A5299E308A0082A934 /* String+Extensions.swift */ = {isa = PBXFileReference; lastKnownFileType = sourcecode.swift; path = "String+Extensions.swift"; sourceTree = "<group>"; };
		38CDB6A7299E30DA0082A934 /* SwiftyExperimentsLocalizer.swift */ = {isa = PBXFileReference; lastKnownFileType = sourcecode.swift; path = SwiftyExperimentsLocalizer.swift; sourceTree = "<group>"; };
		CAE6034D29B571AF00C3CF37 /* UserListView.swift */ = {isa = PBXFileReference; lastKnownFileType = sourcecode.swift; path = UserListView.swift; sourceTree = "<group>"; };
		CAE6035829B5730F00C3CF37 /* Data+Decode.swift */ = {isa = PBXFileReference; lastKnownFileType = sourcecode.swift; path = "Data+Decode.swift"; sourceTree = "<group>"; };
		CAE6035C29B5744600C3CF37 /* ErrorView.swift */ = {isa = PBXFileReference; lastKnownFileType = sourcecode.swift; path = ErrorView.swift; sourceTree = "<group>"; };
		CAE6035F29B57A4B00C3CF37 /* Container+DI.swift */ = {isa = PBXFileReference; lastKnownFileType = sourcecode.swift; path = "Container+DI.swift"; sourceTree = "<group>"; };
		CAE6036229B5894500C3CF37 /* APIError.swift */ = {isa = PBXFileReference; lastKnownFileType = sourcecode.swift; path = APIError.swift; sourceTree = "<group>"; };
		CAE6036629B58DFE00C3CF37 /* User.swift */ = {isa = PBXFileReference; lastKnownFileType = sourcecode.swift; path = User.swift; sourceTree = "<group>"; };
		CAE6036829B58F2D00C3CF37 /* UserListViewModelStateManager.swift */ = {isa = PBXFileReference; lastKnownFileType = sourcecode.swift; path = UserListViewModelStateManager.swift; sourceTree = "<group>"; };
		CAE6036A29B58F9100C3CF37 /* UserService.swift */ = {isa = PBXFileReference; lastKnownFileType = sourcecode.swift; path = UserService.swift; sourceTree = "<group>"; };
		CAE6036C29B590AB00C3CF37 /* HTTPMethod.swift */ = {isa = PBXFileReference; lastKnownFileType = sourcecode.swift; path = HTTPMethod.swift; sourceTree = "<group>"; };
		CAE6036E29B5945100C3CF37 /* APIService.swift */ = {isa = PBXFileReference; lastKnownFileType = sourcecode.swift; path = APIService.swift; sourceTree = "<group>"; };
		CAE6037029B594A900C3CF37 /* URLComponentService.swift */ = {isa = PBXFileReference; lastKnownFileType = sourcecode.swift; path = URLComponentService.swift; sourceTree = "<group>"; };
		CAE6037329B598F400C3CF37 /* UserModel.swift */ = {isa = PBXFileReference; lastKnownFileType = sourcecode.swift; path = UserModel.swift; sourceTree = "<group>"; };
		CAE6037529B599A000C3CF37 /* UserListModel.swift */ = {isa = PBXFileReference; lastKnownFileType = sourcecode.swift; path = UserListModel.swift; sourceTree = "<group>"; };
		CAE6037729B59C1C00C3CF37 /* UserView.swift */ = {isa = PBXFileReference; lastKnownFileType = sourcecode.swift; path = UserView.swift; sourceTree = "<group>"; };
		CAE6037D29B5AD5A00C3CF37 /* SwiftyExperimentsTests.xctest */ = {isa = PBXFileReference; explicitFileType = wrapper.cfbundle; includeInIndex = 0; path = SwiftyExperimentsTests.xctest; sourceTree = BUILT_PRODUCTS_DIR; };
		CAE6037F29B5AD5A00C3CF37 /* SwiftyExperimentsTests.swift */ = {isa = PBXFileReference; lastKnownFileType = sourcecode.swift; path = SwiftyExperimentsTests.swift; sourceTree = "<group>"; };
		CAE6038729B5ADEB00C3CF37 /* MockDependecyContainer.swift */ = {isa = PBXFileReference; lastKnownFileType = sourcecode.swift; path = MockDependecyContainer.swift; sourceTree = "<group>"; };
		CAE6038A29B5AF1700C3CF37 /* APIServiceMock.swift */ = {isa = PBXFileReference; lastKnownFileType = sourcecode.swift; path = APIServiceMock.swift; sourceTree = "<group>"; };
		CAE6038D29B5B0F400C3CF37 /* UserServiceTests.swift */ = {isa = PBXFileReference; lastKnownFileType = sourcecode.swift; path = UserServiceTests.swift; sourceTree = "<group>"; };
/* End PBXFileReference section */

/* Begin PBXFrameworksBuildPhase section */
		3813CA5A2994C536000E5AB1 /* Frameworks */ = {
			isa = PBXFrameworksBuildPhase;
			buildActionMask = 2147483647;
			files = (
				CAE6035129B572AD00C3CF37 /* Resolver in Frameworks */,
			);
			runOnlyForDeploymentPostprocessing = 0;
		};
		CAE6037A29B5AD5A00C3CF37 /* Frameworks */ = {
			isa = PBXFrameworksBuildPhase;
			buildActionMask = 2147483647;
			files = (
			);
			runOnlyForDeploymentPostprocessing = 0;
		};
/* End PBXFrameworksBuildPhase section */

/* Begin PBXGroup section */
		3813CA542994C536000E5AB1 = {
			isa = PBXGroup;
			children = (
				3813CA5F2994C536000E5AB1 /* SwiftyExperiments */,
				CAE6037E29B5AD5A00C3CF37 /* SwiftyExperimentsTests */,
				3813CA5E2994C536000E5AB1 /* Products */,
			);
			sourceTree = "<group>";
		};
		3813CA5E2994C536000E5AB1 /* Products */ = {
			isa = PBXGroup;
			children = (
				3813CA5D2994C536000E5AB1 /* SwiftyExperiments.app */,
				CAE6037D29B5AD5A00C3CF37 /* SwiftyExperimentsTests.xctest */,
			);
			name = Products;
			sourceTree = "<group>";
		};
		3813CA5F2994C536000E5AB1 /* SwiftyExperiments */ = {
			isa = PBXGroup;
			children = (
				CAE6034C29B570C300C3CF37 /* Thulani */,
				3813CA7A2994DCC3000E5AB1 /* App */,
				3813CA722994C79E000E5AB1 /* Shared */,
				3813CA662994C53B000E5AB1 /* Preview Content */,
				3813CA642994C53B000E5AB1 /* Assets.xcassets */,
			);
			path = SwiftyExperiments;
			sourceTree = "<group>";
		};
		3813CA662994C53B000E5AB1 /* Preview Content */ = {
			isa = PBXGroup;
			children = (
				3813CA672994C53B000E5AB1 /* Preview Assets.xcassets */,
			);
			path = "Preview Content";
			sourceTree = "<group>";
		};
		3813CA6F2994C758000E5AB1 /* Data */ = {
			isa = PBXGroup;
			children = (
				3876DFBA299B6CD200CB4FBB /* AnnouncementData.swift */,
			);
			path = Data;
			sourceTree = "<group>";
		};
		3813CA702994C75D000E5AB1 /* Model */ = {
			isa = PBXGroup;
			children = (
				3876DFB8299B6BC900CB4FBB /* Announcement.swift */,
			);
			path = Model;
			sourceTree = "<group>";
		};
		3813CA712994C763000E5AB1 /* View */ = {
			isa = PBXGroup;
			children = (
				3876DFB6299B654100CB4FBB /* AnnouncementCardDetailView.swift */,
			);
			path = View;
			sourceTree = "<group>";
		};
		3813CA722994C79E000E5AB1 /* Shared */ = {
			isa = PBXGroup;
			children = (
				38CDB5E3299E13C30082A934 /* Assets */,
				38CDB5DF299E09D40082A934 /* Extensions */,
				3813CA792994DCAE000E5AB1 /* Screens */,
				3813CA782994DCA8000E5AB1 /* Models */,
				3813CA772994DCA1000E5AB1 /* Data */,
				3813CA762994DC9B000E5AB1 /* Views */,
			);
			path = Shared;
			sourceTree = "<group>";
		};
		3813CA762994DC9B000E5AB1 /* Views */ = {
			isa = PBXGroup;
			children = (
				3813CA802994DF14000E5AB1 /* TeammateRowView.swift */,
				3813CA822994E32E000E5AB1 /* TeammateDetailView.swift */,
			);
			path = Views;
			sourceTree = "<group>";
		};
		3813CA772994DCA1000E5AB1 /* Data */ = {
			isa = PBXGroup;
			children = (
				3813CA7E2994DD2C000E5AB1 /* TeammatesData.swift */,
			);
			path = Data;
			sourceTree = "<group>";
		};
		3813CA782994DCA8000E5AB1 /* Models */ = {
			isa = PBXGroup;
			children = (
				3813CA7C2994DCF9000E5AB1 /* Teammate.swift */,
				3876A0C929A896B00032D081 /* TeammateID.swift */,
			);
			path = Models;
			sourceTree = "<group>";
		};
		3813CA792994DCAE000E5AB1 /* Screens */ = {
			isa = PBXGroup;
			children = (
				3813CA622994C536000E5AB1 /* MainView.swift */,
			);
			path = Screens;
			sourceTree = "<group>";
		};
		3813CA7A2994DCC3000E5AB1 /* App */ = {
			isa = PBXGroup;
			children = (
				3813CA602994C536000E5AB1 /* SwiftyExperimentsApp.swift */,
			);
			path = App;
			sourceTree = "<group>";
		};
		3876A0A529A891150032D081 /* Eddison */ = {
			isa = PBXGroup;
			children = (
				3876A0A629A891150032D081 /* Eddison.h */,
				3876A0C829A892830032D081 /* Screens */,
				3813CA712994C763000E5AB1 /* View */,
				3813CA702994C75D000E5AB1 /* Model */,
				3813CA6F2994C758000E5AB1 /* Data */,
			);
			path = Eddison;
			sourceTree = "<group>";
		};
		3876A0B629A891A70032D081 /* Mantra */ = {
			isa = PBXGroup;
			children = (
				3876A0B729A891A70032D081 /* Mantra.h */,
				3876A0C029A891BE0032D081 /* View */,
				3876A0C129A891C30032D081 /* Model */,
				3876A0C229A891C90032D081 /* Data */,
			);
			path = Mantra;
			sourceTree = "<group>";
		};
		3876A0C029A891BE0032D081 /* View */ = {
			isa = PBXGroup;
			children = (
			);
			path = View;
			sourceTree = "<group>";
		};
		3876A0C129A891C30032D081 /* Model */ = {
			isa = PBXGroup;
			children = (
			);
			path = Model;
			sourceTree = "<group>";
		};
		3876A0C229A891C90032D081 /* Data */ = {
			isa = PBXGroup;
			children = (
			);
			path = Data;
			sourceTree = "<group>";
		};
		3876A0C529A8923A0032D081 /* Frameworks */ = {
			isa = PBXGroup;
			children = (
				3876A0A529A891150032D081 /* Eddison */,
				3876A0B629A891A70032D081 /* Mantra */,
			);
			path = Frameworks;
			sourceTree = "<group>";
		};
		3876A0C829A892830032D081 /* Screens */ = {
			isa = PBXGroup;
			children = (
				3876A0C629A892790032D081 /* EddisonLandingView.swift */,
			);
			path = Screens;
			sourceTree = "<group>";
		};
		38CDB5DF299E09D40082A934 /* Extensions */ = {
			isa = PBXGroup;
			children = (
				38CDB5FA299E14DB0082A934 /* Font+Extensions.swift */,
				38CDB5FC299E18FF0082A934 /* Color+Extensions.swift */,
				38CDB6A5299E308A0082A934 /* String+Extensions.swift */,
				CAE6035F29B57A4B00C3CF37 /* Container+DI.swift */,
			);
			path = Extensions;
			sourceTree = "<group>";
		};
		38CDB5E3299E13C30082A934 /* Assets */ = {
			isa = PBXGroup;
			children = (
				38CDB6A2299E2FBD0082A934 /* Strings */,
				38CDB5E5299E13FB0082A934 /* Fonts */,
			);
			path = Assets;
			sourceTree = "<group>";
		};
		38CDB5E5299E13FB0082A934 /* Fonts */ = {
			isa = PBXGroup;
			children = (
				38CDB5EB299E14360082A934 /* OpenSans-Bold.ttf */,
				38CDB5EF299E14360082A934 /* OpenSans-BoldItalic.ttf */,
				38CDB5ED299E14360082A934 /* OpenSans-ExtraBold.ttf */,
				38CDB5EE299E14360082A934 /* OpenSans-ExtraBoldItalic.ttf */,
				38CDB5E7299E14350082A934 /* OpenSans-Italic.ttf */,
				38CDB5E8299E14350082A934 /* OpenSans-Light.ttf */,
				38CDB5E9299E14350082A934 /* OpenSans-LightItalic.ttf */,
				38CDB5EA299E14350082A934 /* OpenSans-Regular.ttf */,
				38CDB5E6299E14350082A934 /* OpenSans-Semibold.ttf */,
				38CDB5EC299E14360082A934 /* OpenSans-SemiboldItalic.ttf */,
			);
			path = Fonts;
			sourceTree = "<group>";
		};
		38CDB6A2299E2FBD0082A934 /* Strings */ = {
			isa = PBXGroup;
			children = (
				38CDB6A3299E2FE60082A934 /* SwiftyExperiments.strings */,
				38CDB6A7299E30DA0082A934 /* SwiftyExperimentsLocalizer.swift */,
			);
			path = Strings;
			sourceTree = "<group>";
		};
		CAE6034C29B570C300C3CF37 /* Thulani */ = {
			isa = PBXGroup;
			children = (
				CAE6037229B598D700C3CF37 /* ViewModels */,
				CAE6035B29B5742600C3CF37 /* Views */,
				CAE6035A29B5732E00C3CF37 /* Model */,
				CAE6035629B572EC00C3CF37 /* Data */,
			);
			path = Thulani;
			sourceTree = "<group>";
		};
		CAE6035629B572EC00C3CF37 /* Data */ = {
			isa = PBXGroup;
			children = (
				CAE6035729B572F300C3CF37 /* Utilities */,
				CAE6036A29B58F9100C3CF37 /* UserService.swift */,
				CAE6036E29B5945100C3CF37 /* APIService.swift */,
				CAE6037029B594A900C3CF37 /* URLComponentService.swift */,
			);
			path = Data;
			sourceTree = "<group>";
		};
		CAE6035729B572F300C3CF37 /* Utilities */ = {
			isa = PBXGroup;
			children = (
				CAE6035829B5730F00C3CF37 /* Data+Decode.swift */,
			);
			path = Utilities;
			sourceTree = "<group>";
		};
		CAE6035A29B5732E00C3CF37 /* Model */ = {
			isa = PBXGroup;
			children = (
				CAE6036229B5894500C3CF37 /* APIError.swift */,
				CAE6036629B58DFE00C3CF37 /* User.swift */,
				CAE6036829B58F2D00C3CF37 /* UserListViewModelStateManager.swift */,
				CAE6036C29B590AB00C3CF37 /* HTTPMethod.swift */,
			);
			path = Model;
			sourceTree = "<group>";
		};
		CAE6035B29B5742600C3CF37 /* Views */ = {
			isa = PBXGroup;
			children = (
				CAE6034D29B571AF00C3CF37 /* UserListView.swift */,
				CAE6035C29B5744600C3CF37 /* ErrorView.swift */,
				CAE6037729B59C1C00C3CF37 /* UserView.swift */,
			);
			path = Views;
			sourceTree = "<group>";
		};
		CAE6037229B598D700C3CF37 /* ViewModels */ = {
			isa = PBXGroup;
			children = (
				CAE6037329B598F400C3CF37 /* UserModel.swift */,
				CAE6037529B599A000C3CF37 /* UserListModel.swift */,
			);
			path = ViewModels;
			sourceTree = "<group>";
		};
		CAE6037E29B5AD5A00C3CF37 /* SwiftyExperimentsTests */ = {
			isa = PBXGroup;
			children = (
				CAE6038C29B5B0D800C3CF37 /* ThulaniTests */,
				CAE6038929B5AEF100C3CF37 /* Mocks */,
				CAE6038629B5ADCC00C3CF37 /* Injection */,
				CAE6037F29B5AD5A00C3CF37 /* SwiftyExperimentsTests.swift */,
			);
			path = SwiftyExperimentsTests;
			sourceTree = "<group>";
		};
		CAE6038629B5ADCC00C3CF37 /* Injection */ = {
			isa = PBXGroup;
			children = (
				CAE6038729B5ADEB00C3CF37 /* MockDependecyContainer.swift */,
			);
			path = Injection;
			sourceTree = "<group>";
		};
		CAE6038929B5AEF100C3CF37 /* Mocks */ = {
			isa = PBXGroup;
			children = (
				CAE6038A29B5AF1700C3CF37 /* APIServiceMock.swift */,
			);
			path = Mocks;
			sourceTree = "<group>";
		};
		CAE6038C29B5B0D800C3CF37 /* ThulaniTests */ = {
			isa = PBXGroup;
			children = (
				CAE6038D29B5B0F400C3CF37 /* UserServiceTests.swift */,
			);
			path = ThulaniTests;
			sourceTree = "<group>";
		};
		DB10E61A29A7EECF00DB0251 /* Antonie */ = {
			isa = PBXGroup;
			children = (
			);
			path = Antonie;
			sourceTree = "<group>";
		};
/* End PBXGroup section */

/* Begin PBXHeadersBuildPhase section */
		3876A09F29A891150032D081 /* Headers */ = {
			isa = PBXHeadersBuildPhase;
			buildActionMask = 2147483647;
			files = (
				3876A0A729A891150032D081 /* Eddison.h in Headers */,
			);
			runOnlyForDeploymentPostprocessing = 0;
		};
		3876A0B029A891A70032D081 /* Headers */ = {
			isa = PBXHeadersBuildPhase;
			buildActionMask = 2147483647;
			files = (
				3876A0B829A891A70032D081 /* Mantra.h in Headers */,
			);
			runOnlyForDeploymentPostprocessing = 0;
		};
/* End PBXHeadersBuildPhase section */

/* Begin PBXNativeTarget section */
		3813CA5C2994C536000E5AB1 /* SwiftyExperiments */ = {
			isa = PBXNativeTarget;
			buildConfigurationList = 3813CA6B2994C53B000E5AB1 /* Build configuration list for PBXNativeTarget "SwiftyExperiments" */;
			buildPhases = (
				3813CA592994C536000E5AB1 /* Sources */,
				3813CA5A2994C536000E5AB1 /* Frameworks */,
				3813CA5B2994C536000E5AB1 /* Resources */,
				3876A0AC29A891150032D081 /* Embed Frameworks */,
			);
			buildRules = (
			);
			dependencies = (
				3876A0A929A891150032D081 /* PBXTargetDependency */,
				3876A0BA29A891A70032D081 /* PBXTargetDependency */,
			);
			name = SwiftyExperiments;
			packageProductDependencies = (
				CAE6035029B572AD00C3CF37 /* Resolver */,
			);
			productName = SwiftyExperiments;
			productReference = 3813CA5D2994C536000E5AB1 /* SwiftyExperiments.app */;
			productType = "com.apple.product-type.application";
		};
		CAE6037C29B5AD5A00C3CF37 /* SwiftyExperimentsTests */ = {
			isa = PBXNativeTarget;
			buildConfigurationList = CAE6038329B5AD5A00C3CF37 /* Build configuration list for PBXNativeTarget "SwiftyExperimentsTests" */;
			buildPhases = (
				CAE6037929B5AD5A00C3CF37 /* Sources */,
				CAE6037A29B5AD5A00C3CF37 /* Frameworks */,
				CAE6037B29B5AD5A00C3CF37 /* Resources */,
			);
			buildRules = (
			);
			dependencies = (
				CAE6038229B5AD5A00C3CF37 /* PBXTargetDependency */,
			);
			name = SwiftyExperimentsTests;
			productName = SwiftyExperimentsTests;
			productReference = CAE6037D29B5AD5A00C3CF37 /* SwiftyExperimentsTests.xctest */;
			productType = "com.apple.product-type.bundle.unit-test";
		};
/* End PBXNativeTarget section */

/* Begin PBXProject section */
		3813CA552994C536000E5AB1 /* Project object */ = {
			isa = PBXProject;
			attributes = {
				BuildIndependentTargetsInParallel = 1;
				LastSwiftUpdateCheck = 1420;
				LastUpgradeCheck = 1340;
				TargetAttributes = {
					3813CA5C2994C536000E5AB1 = {
						CreatedOnToolsVersion = 13.4.1;
					};
					CAE6037C29B5AD5A00C3CF37 = {
						CreatedOnToolsVersion = 14.2;
						TestTargetID = 3813CA5C2994C536000E5AB1;
					};
				};
			};
			buildConfigurationList = 3813CA582994C536000E5AB1 /* Build configuration list for PBXProject "SwiftyExperiments" */;
			compatibilityVersion = "Xcode 13.0";
			developmentRegion = en;
			hasScannedForEncodings = 0;
			knownRegions = (
				en,
				Base,
			);
			mainGroup = 3813CA542994C536000E5AB1;
			packageReferences = (
				CAE6034F29B572AD00C3CF37 /* XCRemoteSwiftPackageReference "Resolver" */,
			);
			productRefGroup = 3813CA5E2994C536000E5AB1 /* Products */;
			projectDirPath = "";
			projectRoot = "";
			targets = (
				3813CA5C2994C536000E5AB1 /* SwiftyExperiments */,
				CAE6037C29B5AD5A00C3CF37 /* SwiftyExperimentsTests */,
			);
		};
/* End PBXProject section */

/* Begin PBXResourcesBuildPhase section */
		3813CA5B2994C536000E5AB1 /* Resources */ = {
			isa = PBXResourcesBuildPhase;
			buildActionMask = 2147483647;
			files = (
				38CDB5F2299E14360082A934 /* OpenSans-Light.ttf in Resources */,
				38CDB6A4299E2FE60082A934 /* SwiftyExperiments.strings in Resources */,
				38CDB5F7299E14360082A934 /* OpenSans-ExtraBold.ttf in Resources */,
				38CDB5F0299E14360082A934 /* OpenSans-Semibold.ttf in Resources */,
				38CDB5F3299E14360082A934 /* OpenSans-LightItalic.ttf in Resources */,
				3813CA682994C53B000E5AB1 /* Preview Assets.xcassets in Resources */,
				3813CA652994C53B000E5AB1 /* Assets.xcassets in Resources */,
				38CDB5F5299E14360082A934 /* OpenSans-Bold.ttf in Resources */,
				38CDB5F8299E14360082A934 /* OpenSans-ExtraBoldItalic.ttf in Resources */,
				38CDB5F9299E14360082A934 /* OpenSans-BoldItalic.ttf in Resources */,
				38CDB5F6299E14360082A934 /* OpenSans-SemiboldItalic.ttf in Resources */,
				38CDB5F1299E14360082A934 /* OpenSans-Italic.ttf in Resources */,
				38CDB5F4299E14360082A934 /* OpenSans-Regular.ttf in Resources */,
			);
			runOnlyForDeploymentPostprocessing = 0;
		};
		CAE6037B29B5AD5A00C3CF37 /* Resources */ = {
			isa = PBXResourcesBuildPhase;
			buildActionMask = 2147483647;
			files = (
			);
			runOnlyForDeploymentPostprocessing = 0;
		};
/* End PBXResourcesBuildPhase section */

/* Begin PBXSourcesBuildPhase section */
		3813CA592994C536000E5AB1 /* Sources */ = {
			isa = PBXSourcesBuildPhase;
			buildActionMask = 2147483647;
			files = (
				3876DFB9299B6BC900CB4FBB /* Announcement.swift in Sources */,
				38CDB6A8299E30DA0082A934 /* SwiftyExperimentsLocalizer.swift in Sources */,
				3876A0CA29A896B00032D081 /* TeammateID.swift in Sources */,
				3813CA632994C536000E5AB1 /* MainView.swift in Sources */,
				38CDB5FB299E14DB0082A934 /* Font+Extensions.swift in Sources */,
				3813CA832994E32E000E5AB1 /* TeammateDetailView.swift in Sources */,
				38CDB6A6299E308A0082A934 /* String+Extensions.swift in Sources */,
				CAE6036B29B58F9100C3CF37 /* UserService.swift in Sources */,
				CAE6037129B594A900C3CF37 /* URLComponentService.swift in Sources */,
				3813CA7F2994DD2C000E5AB1 /* TeammatesData.swift in Sources */,
				CAE6034E29B571AF00C3CF37 /* UserListView.swift in Sources */,
				CAE6036729B58DFE00C3CF37 /* User.swift in Sources */,
				3876DFBB299B6CD200CB4FBB /* AnnouncementData.swift in Sources */,
				CAE6037629B599A000C3CF37 /* UserListModel.swift in Sources */,
				3876DFB7299B654100CB4FBB /* AnnouncementCardDetailView.swift in Sources */,
				CAE6035929B5730F00C3CF37 /* Data+Decode.swift in Sources */,
				3813CA812994DF14000E5AB1 /* TeammateRowView.swift in Sources */,
				3813CA612994C536000E5AB1 /* SwiftyExperimentsApp.swift in Sources */,
				38CDB5FD299E18FF0082A934 /* Color+Extensions.swift in Sources */,
				3813CA7D2994DCF9000E5AB1 /* Teammate.swift in Sources */,
				CAE6037429B598F400C3CF37 /* UserModel.swift in Sources */,
				CAE6036029B57A4B00C3CF37 /* Container+DI.swift in Sources */,
				CAE6035D29B5744600C3CF37 /* ErrorView.swift in Sources */,
				CAE6036D29B590AB00C3CF37 /* HTTPMethod.swift in Sources */,
				CAE6036329B5894500C3CF37 /* APIError.swift in Sources */,
				CAE6036F29B5945100C3CF37 /* APIService.swift in Sources */,
				CAE6036929B58F2D00C3CF37 /* UserListViewModelStateManager.swift in Sources */,
				CAE6037829B59C1C00C3CF37 /* UserView.swift in Sources */,
			);
			runOnlyForDeploymentPostprocessing = 0;
		};
		CAE6037929B5AD5A00C3CF37 /* Sources */ = {
			isa = PBXSourcesBuildPhase;
			buildActionMask = 2147483647;
			files = (
				CAE6038E29B5B0F400C3CF37 /* UserServiceTests.swift in Sources */,
				CAE6038029B5AD5A00C3CF37 /* SwiftyExperimentsTests.swift in Sources */,
				CAE6038829B5ADEB00C3CF37 /* MockDependecyContainer.swift in Sources */,
				CAE6038B29B5AF1700C3CF37 /* APIServiceMock.swift in Sources */,
			);
			runOnlyForDeploymentPostprocessing = 0;
		};
		3876A0A029A891150032D081 /* Sources */ = {
			isa = PBXSourcesBuildPhase;
			buildActionMask = 2147483647;
			files = (
				3876A0C729A892790032D081 /* EddisonLandingView.swift in Sources */,
			);
			runOnlyForDeploymentPostprocessing = 0;
		};
		3876A0B129A891A70032D081 /* Sources */ = {
			isa = PBXSourcesBuildPhase;
			buildActionMask = 2147483647;
			files = (
			);
			runOnlyForDeploymentPostprocessing = 0;
		};
/* End PBXSourcesBuildPhase section */

/* Begin PBXTargetDependency section */
		CAE6038229B5AD5A00C3CF37 /* PBXTargetDependency */ = {
			isa = PBXTargetDependency;
			target = 3813CA5C2994C536000E5AB1 /* SwiftyExperiments */;
			targetProxy = CAE6038129B5AD5A00C3CF37 /* PBXContainerItemProxy */;
		};
/* End PBXTargetDependency section */

/* Begin XCBuildConfiguration section */
		3813CA692994C53B000E5AB1 /* Debug */ = {
			isa = XCBuildConfiguration;
			buildSettings = {
				ALWAYS_SEARCH_USER_PATHS = NO;
				CLANG_ANALYZER_NONNULL = YES;
				CLANG_ANALYZER_NUMBER_OBJECT_CONVERSION = YES_AGGRESSIVE;
				CLANG_CXX_LANGUAGE_STANDARD = "gnu++17";
				CLANG_ENABLE_MODULES = YES;
				CLANG_ENABLE_OBJC_ARC = YES;
				CLANG_ENABLE_OBJC_WEAK = YES;
				CLANG_WARN_BLOCK_CAPTURE_AUTORELEASING = YES;
				CLANG_WARN_BOOL_CONVERSION = YES;
				CLANG_WARN_COMMA = YES;
				CLANG_WARN_CONSTANT_CONVERSION = YES;
				CLANG_WARN_DEPRECATED_OBJC_IMPLEMENTATIONS = YES;
				CLANG_WARN_DIRECT_OBJC_ISA_USAGE = YES_ERROR;
				CLANG_WARN_DOCUMENTATION_COMMENTS = YES;
				CLANG_WARN_EMPTY_BODY = YES;
				CLANG_WARN_ENUM_CONVERSION = YES;
				CLANG_WARN_INFINITE_RECURSION = YES;
				CLANG_WARN_INT_CONVERSION = YES;
				CLANG_WARN_NON_LITERAL_NULL_CONVERSION = YES;
				CLANG_WARN_OBJC_IMPLICIT_RETAIN_SELF = YES;
				CLANG_WARN_OBJC_LITERAL_CONVERSION = YES;
				CLANG_WARN_OBJC_ROOT_CLASS = YES_ERROR;
				CLANG_WARN_QUOTED_INCLUDE_IN_FRAMEWORK_HEADER = YES;
				CLANG_WARN_RANGE_LOOP_ANALYSIS = YES;
				CLANG_WARN_STRICT_PROTOTYPES = YES;
				CLANG_WARN_SUSPICIOUS_MOVE = YES;
				CLANG_WARN_UNGUARDED_AVAILABILITY = YES_AGGRESSIVE;
				CLANG_WARN_UNREACHABLE_CODE = YES;
				CLANG_WARN__DUPLICATE_METHOD_MATCH = YES;
				COPY_PHASE_STRIP = NO;
				DEBUG_INFORMATION_FORMAT = dwarf;
				ENABLE_STRICT_OBJC_MSGSEND = YES;
				ENABLE_TESTABILITY = YES;
				GCC_C_LANGUAGE_STANDARD = gnu11;
				GCC_DYNAMIC_NO_PIC = NO;
				GCC_NO_COMMON_BLOCKS = YES;
				GCC_OPTIMIZATION_LEVEL = 0;
				GCC_PREPROCESSOR_DEFINITIONS = (
					"DEBUG=1",
					"$(inherited)",
				);
				GCC_WARN_64_TO_32_BIT_CONVERSION = YES;
				GCC_WARN_ABOUT_RETURN_TYPE = YES_ERROR;
				GCC_WARN_UNDECLARED_SELECTOR = YES;
				GCC_WARN_UNINITIALIZED_AUTOS = YES_AGGRESSIVE;
				GCC_WARN_UNUSED_FUNCTION = YES;
				GCC_WARN_UNUSED_VARIABLE = YES;
				IPHONEOS_DEPLOYMENT_TARGET = 15.5;
				MTL_ENABLE_DEBUG_INFO = INCLUDE_SOURCE;
				MTL_FAST_MATH = YES;
				ONLY_ACTIVE_ARCH = YES;
				SDKROOT = iphoneos;
				SWIFT_ACTIVE_COMPILATION_CONDITIONS = DEBUG;
				SWIFT_OPTIMIZATION_LEVEL = "-Onone";
			};
			name = Debug;
		};
		3813CA6A2994C53B000E5AB1 /* Release */ = {
			isa = XCBuildConfiguration;
			buildSettings = {
				ALWAYS_SEARCH_USER_PATHS = NO;
				CLANG_ANALYZER_NONNULL = YES;
				CLANG_ANALYZER_NUMBER_OBJECT_CONVERSION = YES_AGGRESSIVE;
				CLANG_CXX_LANGUAGE_STANDARD = "gnu++17";
				CLANG_ENABLE_MODULES = YES;
				CLANG_ENABLE_OBJC_ARC = YES;
				CLANG_ENABLE_OBJC_WEAK = YES;
				CLANG_WARN_BLOCK_CAPTURE_AUTORELEASING = YES;
				CLANG_WARN_BOOL_CONVERSION = YES;
				CLANG_WARN_COMMA = YES;
				CLANG_WARN_CONSTANT_CONVERSION = YES;
				CLANG_WARN_DEPRECATED_OBJC_IMPLEMENTATIONS = YES;
				CLANG_WARN_DIRECT_OBJC_ISA_USAGE = YES_ERROR;
				CLANG_WARN_DOCUMENTATION_COMMENTS = YES;
				CLANG_WARN_EMPTY_BODY = YES;
				CLANG_WARN_ENUM_CONVERSION = YES;
				CLANG_WARN_INFINITE_RECURSION = YES;
				CLANG_WARN_INT_CONVERSION = YES;
				CLANG_WARN_NON_LITERAL_NULL_CONVERSION = YES;
				CLANG_WARN_OBJC_IMPLICIT_RETAIN_SELF = YES;
				CLANG_WARN_OBJC_LITERAL_CONVERSION = YES;
				CLANG_WARN_OBJC_ROOT_CLASS = YES_ERROR;
				CLANG_WARN_QUOTED_INCLUDE_IN_FRAMEWORK_HEADER = YES;
				CLANG_WARN_RANGE_LOOP_ANALYSIS = YES;
				CLANG_WARN_STRICT_PROTOTYPES = YES;
				CLANG_WARN_SUSPICIOUS_MOVE = YES;
				CLANG_WARN_UNGUARDED_AVAILABILITY = YES_AGGRESSIVE;
				CLANG_WARN_UNREACHABLE_CODE = YES;
				CLANG_WARN__DUPLICATE_METHOD_MATCH = YES;
				COPY_PHASE_STRIP = NO;
				DEBUG_INFORMATION_FORMAT = "dwarf-with-dsym";
				ENABLE_NS_ASSERTIONS = NO;
				ENABLE_STRICT_OBJC_MSGSEND = YES;
				GCC_C_LANGUAGE_STANDARD = gnu11;
				GCC_NO_COMMON_BLOCKS = YES;
				GCC_WARN_64_TO_32_BIT_CONVERSION = YES;
				GCC_WARN_ABOUT_RETURN_TYPE = YES_ERROR;
				GCC_WARN_UNDECLARED_SELECTOR = YES;
				GCC_WARN_UNINITIALIZED_AUTOS = YES_AGGRESSIVE;
				GCC_WARN_UNUSED_FUNCTION = YES;
				GCC_WARN_UNUSED_VARIABLE = YES;
				IPHONEOS_DEPLOYMENT_TARGET = 15.5;
				MTL_ENABLE_DEBUG_INFO = NO;
				MTL_FAST_MATH = YES;
				SDKROOT = iphoneos;
				SWIFT_COMPILATION_MODE = wholemodule;
				SWIFT_OPTIMIZATION_LEVEL = "-O";
				VALIDATE_PRODUCT = YES;
			};
			name = Release;
		};
		3813CA6C2994C53B000E5AB1 /* Debug */ = {
			isa = XCBuildConfiguration;
			buildSettings = {
				ALWAYS_EMBED_SWIFT_STANDARD_LIBRARIES = YES;
				ASSETCATALOG_COMPILER_APPICON_NAME = AppIcon;
				ASSETCATALOG_COMPILER_GLOBAL_ACCENT_COLOR_NAME = AccentColor;
				CODE_SIGN_STYLE = Automatic;
				CURRENT_PROJECT_VERSION = 1;
				DEVELOPMENT_ASSET_PATHS = "\"SwiftyExperiments/Preview Content\"";
				ENABLE_PREVIEWS = YES;
				GENERATE_INFOPLIST_FILE = YES;
				INFOPLIST_FILE = SwiftyExperiments/Info.plist;
				INFOPLIST_KEY_CFBundleDisplayName = SwiftyXP;
				INFOPLIST_KEY_UIApplicationSceneManifest_Generation = YES;
				INFOPLIST_KEY_UIApplicationSupportsIndirectInputEvents = YES;
				INFOPLIST_KEY_UISupportedInterfaceOrientations = UIInterfaceOrientationPortrait;
				INFOPLIST_KEY_UISupportedInterfaceOrientations_iPhone = UIInterfaceOrientationPortrait;
				IPHONEOS_DEPLOYMENT_TARGET = 14.0;
				LD_RUNPATH_SEARCH_PATHS = (
					"$(inherited)",
					"@executable_path/Frameworks",
				);
				MARKETING_VERSION = 1.0;
				PRODUCT_BUNDLE_IDENTIFIER = "ios-learning-chapter.SwiftyExperiments";
				PRODUCT_NAME = "$(TARGET_NAME)";
				SWIFT_EMIT_LOC_STRINGS = YES;
				SWIFT_VERSION = 5.0;
				TARGETED_DEVICE_FAMILY = 1;
			};
			name = Debug;
		};
		3813CA6D2994C53B000E5AB1 /* Release */ = {
			isa = XCBuildConfiguration;
			buildSettings = {
				ALWAYS_EMBED_SWIFT_STANDARD_LIBRARIES = YES;
				ASSETCATALOG_COMPILER_APPICON_NAME = AppIcon;
				ASSETCATALOG_COMPILER_GLOBAL_ACCENT_COLOR_NAME = AccentColor;
				CODE_SIGN_STYLE = Automatic;
				CURRENT_PROJECT_VERSION = 1;
				DEVELOPMENT_ASSET_PATHS = "\"SwiftyExperiments/Preview Content\"";
				ENABLE_PREVIEWS = YES;
				GENERATE_INFOPLIST_FILE = YES;
				INFOPLIST_FILE = SwiftyExperiments/Info.plist;
				INFOPLIST_KEY_CFBundleDisplayName = SwiftyXP;
				INFOPLIST_KEY_UIApplicationSceneManifest_Generation = YES;
				INFOPLIST_KEY_UIApplicationSupportsIndirectInputEvents = YES;
				INFOPLIST_KEY_UISupportedInterfaceOrientations = UIInterfaceOrientationPortrait;
				INFOPLIST_KEY_UISupportedInterfaceOrientations_iPhone = UIInterfaceOrientationPortrait;
				IPHONEOS_DEPLOYMENT_TARGET = 14.0;
				LD_RUNPATH_SEARCH_PATHS = (
					"$(inherited)",
					"@executable_path/Frameworks",
				);
				MARKETING_VERSION = 1.0;
				PRODUCT_BUNDLE_IDENTIFIER = "ios-learning-chapter.SwiftyExperiments";
				PRODUCT_NAME = "$(TARGET_NAME)";
				SWIFT_EMIT_LOC_STRINGS = YES;
				SWIFT_VERSION = 5.0;
				TARGETED_DEVICE_FAMILY = 1;
			};
			name = Release;
		};
		CAE6038429B5AD5A00C3CF37 /* Debug */ = {
			isa = XCBuildConfiguration;
			buildSettings = {
				BUNDLE_LOADER = "$(TEST_HOST)";
				CLANG_CXX_LANGUAGE_STANDARD = "gnu++20";
				CODE_SIGN_STYLE = Automatic;
				CURRENT_PROJECT_VERSION = 1;
				DEVELOPMENT_TEAM = 8R9PLTB82G;
				GENERATE_INFOPLIST_FILE = YES;
				IPHONEOS_DEPLOYMENT_TARGET = 16.2;
				MARKETING_VERSION = 1.0;
				PRODUCT_BUNDLE_IDENTIFIER = "com.-.SwiftyExperimentsTests";
				PRODUCT_NAME = "$(TARGET_NAME)";
				SWIFT_EMIT_LOC_STRINGS = NO;
				SWIFT_VERSION = 5.0;
				TARGETED_DEVICE_FAMILY = "1,2";
				TEST_HOST = "$(BUILT_PRODUCTS_DIR)/SwiftyExperiments.app/$(BUNDLE_EXECUTABLE_FOLDER_PATH)/SwiftyExperiments";
			};
			name = Debug;
		};
		CAE6038529B5AD5A00C3CF37 /* Release */ = {
			isa = XCBuildConfiguration;
			buildSettings = {
				BUNDLE_LOADER = "$(TEST_HOST)";
				CLANG_CXX_LANGUAGE_STANDARD = "gnu++20";
				CODE_SIGN_STYLE = Automatic;
				CURRENT_PROJECT_VERSION = 1;
				DEVELOPMENT_TEAM = 8R9PLTB82G;
				GENERATE_INFOPLIST_FILE = YES;
				IPHONEOS_DEPLOYMENT_TARGET = 16.2;
				MARKETING_VERSION = 1.0;
				PRODUCT_BUNDLE_IDENTIFIER = "com.-.SwiftyExperimentsTests";
				PRODUCT_NAME = "$(TARGET_NAME)";
				SWIFT_EMIT_LOC_STRINGS = NO;
				SWIFT_VERSION = 5.0;
				TARGETED_DEVICE_FAMILY = "1,2";
				TEST_HOST = "$(BUILT_PRODUCTS_DIR)/SwiftyExperiments.app/$(BUNDLE_EXECUTABLE_FOLDER_PATH)/SwiftyExperiments";
			};
			name = Release;
		};
/* End XCBuildConfiguration section */

/* Begin XCConfigurationList section */
		3813CA582994C536000E5AB1 /* Build configuration list for PBXProject "SwiftyExperiments" */ = {
			isa = XCConfigurationList;
			buildConfigurations = (
				3813CA692994C53B000E5AB1 /* Debug */,
				3813CA6A2994C53B000E5AB1 /* Release */,
			);
			defaultConfigurationIsVisible = 0;
			defaultConfigurationName = Release;
		};
		3813CA6B2994C53B000E5AB1 /* Build configuration list for PBXNativeTarget "SwiftyExperiments" */ = {
			isa = XCConfigurationList;
			buildConfigurations = (
				3813CA6C2994C53B000E5AB1 /* Debug */,
				3813CA6D2994C53B000E5AB1 /* Release */,
			);
			defaultConfigurationIsVisible = 0;
			defaultConfigurationName = Release;
		};
		CAE6038329B5AD5A00C3CF37 /* Build configuration list for PBXNativeTarget "SwiftyExperimentsTests" */ = {
			isa = XCConfigurationList;
			buildConfigurations = (
				CAE6038429B5AD5A00C3CF37 /* Debug */,
				CAE6038529B5AD5A00C3CF37 /* Release */,
			);
			defaultConfigurationIsVisible = 0;
			defaultConfigurationName = Release;
		};
/* End XCConfigurationList section */

/* Begin XCRemoteSwiftPackageReference section */
		CAE6034F29B572AD00C3CF37 /* XCRemoteSwiftPackageReference "Resolver" */ = {
			isa = XCRemoteSwiftPackageReference;
			repositoryURL = "https://github.com/hmlongco/Resolver.git";
			requirement = {
				kind = upToNextMajorVersion;
				minimumVersion = 1.0.0;
			};
		};
/* End XCRemoteSwiftPackageReference section */

/* Begin XCSwiftPackageProductDependency section */
		CAE6035029B572AD00C3CF37 /* Resolver */ = {
			isa = XCSwiftPackageProductDependency;
			package = CAE6034F29B572AD00C3CF37 /* XCRemoteSwiftPackageReference "Resolver" */;
			productName = Resolver;
		};
/* End XCSwiftPackageProductDependency section */
	};
	rootObject = 3813CA552994C536000E5AB1 /* Project object */;
}
